// !$*UTF8*$!
{
	archiveVersion = 1;
	classes = {
	};
	objectVersion = 50;
	objects = {

/* Begin PBXBuildFile section */
		5C3E45BE25C8E77D005B360F /* AppDelegate.swift in Sources */ = {isa = PBXBuildFile; fileRef = 5C3E45BD25C8E77D005B360F /* AppDelegate.swift */; };
		5C3E45C225C8E77D005B360F /* ViewController.swift in Sources */ = {isa = PBXBuildFile; fileRef = 5C3E45C125C8E77D005B360F /* ViewController.swift */; };
		5C3E45C525C8E77D005B360F /* Main.storyboard in Resources */ = {isa = PBXBuildFile; fileRef = 5C3E45C325C8E77D005B360F /* Main.storyboard */; };
		5C3E45C725C8E780005B360F /* Assets.xcassets in Resources */ = {isa = PBXBuildFile; fileRef = 5C3E45C625C8E780005B360F /* Assets.xcassets */; };
		5C3E45CA25C8E780005B360F /* LaunchScreen.storyboard in Resources */ = {isa = PBXBuildFile; fileRef = 5C3E45C825C8E780005B360F /* LaunchScreen.storyboard */; };
		5CA0EC2B2735505C0049DC51 /* MakarViewerManager.mm in Sources */ = {isa = PBXBuildFile; fileRef = 5CA0EC2A2735505C0049DC51 /* MakarViewerManager.mm */; };
		5CE4DAE9273B71B600D62EDE /* UnityFramework.framework in Frameworks */ = {isa = PBXBuildFile; fileRef = 5CE4DAE5273B70B600D62EDE /* UnityFramework.framework */; };
		5CE4DAEA273B71B600D62EDE /* UnityFramework.framework in Embed Frameworks */ = {isa = PBXBuildFile; fileRef = 5CE4DAE5273B70B600D62EDE /* UnityFramework.framework */; settings = {ATTRIBUTES = (CodeSignOnCopy, RemoveHeadersOnCopy, ); }; };
/* End PBXBuildFile section */

/* Begin PBXCopyFilesBuildPhase section */
		5C3E45E825C8F787005B360F /* Embed Frameworks */ = {
			isa = PBXCopyFilesBuildPhase;
			buildActionMask = 2147483647;
			dstPath = "";
			dstSubfolderSpec = 10;
			files = (
				5CE4DAEA273B71B600D62EDE /* UnityFramework.framework in Embed Frameworks */,
			);
			name = "Embed Frameworks";
			runOnlyForDeploymentPostprocessing = 0;
		};
/* End PBXCopyFilesBuildPhase section */

/* Begin PBXFileReference section */
		5C3E45BA25C8E77D005B360F /* NativeSwift.app */ = {isa = PBXFileReference; explicitFileType = wrapper.application; includeInIndex = 0; path = NativeSwift.app; sourceTree = BUILT_PRODUCTS_DIR; };
		5C3E45BD25C8E77D005B360F /* AppDelegate.swift */ = {isa = PBXFileReference; lastKnownFileType = sourcecode.swift; path = AppDelegate.swift; sourceTree = "<group>"; };
		5C3E45C125C8E77D005B360F /* ViewController.swift */ = {isa = PBXFileReference; lastKnownFileType = sourcecode.swift; path = ViewController.swift; sourceTree = "<group>"; };
		5C3E45C425C8E77D005B360F /* Base */ = {isa = PBXFileReference; lastKnownFileType = file.storyboard; name = Base; path = Base.lproj/Main.storyboard; sourceTree = "<group>"; };
		5C3E45C625C8E780005B360F /* Assets.xcassets */ = {isa = PBXFileReference; lastKnownFileType = folder.assetcatalog; path = Assets.xcassets; sourceTree = "<group>"; };
		5C3E45C925C8E780005B360F /* Base */ = {isa = PBXFileReference; lastKnownFileType = file.storyboard; name = Base; path = Base.lproj/LaunchScreen.storyboard; sourceTree = "<group>"; };
		5C3E45CB25C8E780005B360F /* Info.plist */ = {isa = PBXFileReference; lastKnownFileType = text.plist.xml; path = Info.plist; sourceTree = "<group>"; };
		5C3E45D925C8EABB005B360F /* NativeSwift-Bridging-Header.h */ = {isa = PBXFileReference; lastKnownFileType = sourcecode.c.h; path = "NativeSwift-Bridging-Header.h"; sourceTree = "<group>"; };
		5CA0EC292735505C0049DC51 /* MakarViewerManager.h */ = {isa = PBXFileReference; fileEncoding = 4; lastKnownFileType = sourcecode.c.h; path = MakarViewerManager.h; sourceTree = "<group>"; };
		5CA0EC2A2735505C0049DC51 /* MakarViewerManager.mm */ = {isa = PBXFileReference; fileEncoding = 4; lastKnownFileType = sourcecode.cpp.objcpp; path = MakarViewerManager.mm; sourceTree = "<group>"; };
		5CE4DAE5273B70B600D62EDE /* UnityFramework.framework */ = {isa = PBXFileReference; lastKnownFileType = wrapper.framework; path = UnityFramework.framework; sourceTree = "<group>"; };
/* End PBXFileReference section */

/* Begin PBXFrameworksBuildPhase section */
		5C3E45B725C8E77D005B360F /* Frameworks */ = {
			isa = PBXFrameworksBuildPhase;
			buildActionMask = 2147483647;
			files = (
				5CE4DAE9273B71B600D62EDE /* UnityFramework.framework in Frameworks */,
			);
			runOnlyForDeploymentPostprocessing = 0;
		};
/* End PBXFrameworksBuildPhase section */

/* Begin PBXGroup section */
		5C3E45B125C8E77D005B360F = {
			isa = PBXGroup;
			children = (
				5C3E45BC25C8E77D005B360F /* NativeSwift */,
				5C3E45BB25C8E77D005B360F /* Products */,
				5C3E45E525C8F787005B360F /* Frameworks */,
			);
			sourceTree = "<group>";
		};
		5C3E45BB25C8E77D005B360F /* Products */ = {
			isa = PBXGroup;
			children = (
				5C3E45BA25C8E77D005B360F /* NativeSwift.app */,
			);
			name = Products;
			sourceTree = "<group>";
		};
		5C3E45BC25C8E77D005B360F /* NativeSwift */ = {
			isa = PBXGroup;
			children = (
				5CE4DAE5273B70B600D62EDE /* UnityFramework.framework */,
				5CA0EC292735505C0049DC51 /* MakarViewerManager.h */,
				5CA0EC2A2735505C0049DC51 /* MakarViewerManager.mm */,
				5C3E45BD25C8E77D005B360F /* AppDelegate.swift */,
				5C3E45C125C8E77D005B360F /* ViewController.swift */,
				5C3E45C325C8E77D005B360F /* Main.storyboard */,
				5C3E45C625C8E780005B360F /* Assets.xcassets */,
				5C3E45C825C8E780005B360F /* LaunchScreen.storyboard */,
				5C3E45CB25C8E780005B360F /* Info.plist */,
				5C3E45D925C8EABB005B360F /* NativeSwift-Bridging-Header.h */,
			);
			path = NativeSwift;
			sourceTree = "<group>";
		};
		5C3E45E525C8F787005B360F /* Frameworks */ = {
			isa = PBXGroup;
			children = (
			);
			name = Frameworks;
			sourceTree = "<group>";
		};
/* End PBXGroup section */

/* Begin PBXNativeTarget section */
		5C3E45B925C8E77D005B360F /* NativeSwift */ = {
			isa = PBXNativeTarget;
			buildConfigurationList = 5C3E45CE25C8E780005B360F /* Build configuration list for PBXNativeTarget "NativeSwift" */;
			buildPhases = (
				5C3E45B625C8E77D005B360F /* Sources */,
				5C3E45B725C8E77D005B360F /* Frameworks */,
				5C3E45B825C8E77D005B360F /* Resources */,
				5C3E45E825C8F787005B360F /* Embed Frameworks */,
			);
			buildRules = (
			);
			dependencies = (
			);
			name = NativeSwift;
			productName = NativeSwift;
			productReference = 5C3E45BA25C8E77D005B360F /* NativeSwift.app */;
			productType = "com.apple.product-type.application";
		};
/* End PBXNativeTarget section */

/* Begin PBXProject section */
		5C3E45B225C8E77D005B360F /* Project object */ = {
			isa = PBXProject;
			attributes = {
				LastSwiftUpdateCheck = 1230;
				LastUpgradeCheck = 1230;
				TargetAttributes = {
					5C3E45B925C8E77D005B360F = {
						CreatedOnToolsVersion = 12.3;
						LastSwiftMigration = 1230;
					};
				};
			};
			buildConfigurationList = 5C3E45B525C8E77D005B360F /* Build configuration list for PBXProject "NativeSwift" */;
			compatibilityVersion = "Xcode 9.3";
			developmentRegion = en;
			hasScannedForEncodings = 0;
			knownRegions = (
				en,
				Base,
			);
			mainGroup = 5C3E45B125C8E77D005B360F;
			productRefGroup = 5C3E45BB25C8E77D005B360F /* Products */;
			projectDirPath = "";
			projectRoot = "";
			targets = (
				5C3E45B925C8E77D005B360F /* NativeSwift */,
			);
		};
/* End PBXProject section */

/* Begin PBXResourcesBuildPhase section */
		5C3E45B825C8E77D005B360F /* Resources */ = {
			isa = PBXResourcesBuildPhase;
			buildActionMask = 2147483647;
			files = (
				5C3E45CA25C8E780005B360F /* LaunchScreen.storyboard in Resources */,
				5C3E45C725C8E780005B360F /* Assets.xcassets in Resources */,
				5C3E45C525C8E77D005B360F /* Main.storyboard in Resources */,
			);
			runOnlyForDeploymentPostprocessing = 0;
		};
/* End PBXResourcesBuildPhase section */

/* Begin PBXSourcesBuildPhase section */
		5C3E45B625C8E77D005B360F /* Sources */ = {
			isa = PBXSourcesBuildPhase;
			buildActionMask = 2147483647;
			files = (
				5C3E45C225C8E77D005B360F /* ViewController.swift in Sources */,
				5CA0EC2B2735505C0049DC51 /* MakarViewerManager.mm in Sources */,
				5C3E45BE25C8E77D005B360F /* AppDelegate.swift in Sources */,
			);
			runOnlyForDeploymentPostprocessing = 0;
		};
/* End PBXSourcesBuildPhase section */

/* Begin PBXVariantGroup section */
		5C3E45C325C8E77D005B360F /* Main.storyboard */ = {
			isa = PBXVariantGroup;
			children = (
				5C3E45C425C8E77D005B360F /* Base */,
			);
			name = Main.storyboard;
			sourceTree = "<group>";
		};
		5C3E45C825C8E780005B360F /* LaunchScreen.storyboard */ = {
			isa = PBXVariantGroup;
			children = (
				5C3E45C925C8E780005B360F /* Base */,
			);
			name = LaunchScreen.storyboard;
			sourceTree = "<group>";
		};
/* End PBXVariantGroup section */

/* Begin XCBuildConfiguration section */
		5C3E45CC25C8E780005B360F /* Debug */ = {
			isa = XCBuildConfiguration;
			buildSettings = {
				ALWAYS_SEARCH_USER_PATHS = NO;
				CLANG_ANALYZER_NONNULL = YES;
				CLANG_ANALYZER_NUMBER_OBJECT_CONVERSION = YES_AGGRESSIVE;
				CLANG_CXX_LANGUAGE_STANDARD = "gnu++14";
				CLANG_CXX_LIBRARY = "libc++";
				CLANG_ENABLE_MODULES = YES;
				CLANG_ENABLE_OBJC_ARC = YES;
				CLANG_ENABLE_OBJC_WEAK = YES;
				CLANG_WARN_BLOCK_CAPTURE_AUTORELEASING = YES;
				CLANG_WARN_BOOL_CONVERSION = YES;
				CLANG_WARN_COMMA = YES;
				CLANG_WARN_CONSTANT_CONVERSION = YES;
				CLANG_WARN_DEPRECATED_OBJC_IMPLEMENTATIONS = YES;
				CLANG_WARN_DIRECT_OBJC_ISA_USAGE = YES_ERROR;
				CLANG_WARN_DOCUMENTATION_COMMENTS = YES;
				CLANG_WARN_EMPTY_BODY = YES;
				CLANG_WARN_ENUM_CONVERSION = YES;
				CLANG_WARN_INFINITE_RECURSION = YES;
				CLANG_WARN_INT_CONVERSION = YES;
				CLANG_WARN_NON_LITERAL_NULL_CONVERSION = YES;
				CLANG_WARN_OBJC_IMPLICIT_RETAIN_SELF = YES;
				CLANG_WARN_OBJC_LITERAL_CONVERSION = YES;
				CLANG_WARN_OBJC_ROOT_CLASS = YES_ERROR;
				CLANG_WARN_QUOTED_INCLUDE_IN_FRAMEWORK_HEADER = YES;
				CLANG_WARN_RANGE_LOOP_ANALYSIS = YES;
				CLANG_WARN_STRICT_PROTOTYPES = YES;
				CLANG_WARN_SUSPICIOUS_MOVE = YES;
				CLANG_WARN_UNGUARDED_AVAILABILITY = YES_AGGRESSIVE;
				CLANG_WARN_UNREACHABLE_CODE = YES;
				CLANG_WARN__DUPLICATE_METHOD_MATCH = YES;
				COPY_PHASE_STRIP = NO;
				DEBUG_INFORMATION_FORMAT = dwarf;
				ENABLE_STRICT_OBJC_MSGSEND = YES;
				ENABLE_TESTABILITY = YES;
				GCC_C_LANGUAGE_STANDARD = gnu11;
				GCC_DYNAMIC_NO_PIC = NO;
				GCC_NO_COMMON_BLOCKS = YES;
				GCC_OPTIMIZATION_LEVEL = 0;
				GCC_PREPROCESSOR_DEFINITIONS = (
					"DEBUG=1",
					"$(inherited)",
				);
				GCC_WARN_64_TO_32_BIT_CONVERSION = YES;
				GCC_WARN_ABOUT_RETURN_TYPE = YES_ERROR;
				GCC_WARN_UNDECLARED_SELECTOR = YES;
				GCC_WARN_UNINITIALIZED_AUTOS = YES_AGGRESSIVE;
				GCC_WARN_UNUSED_FUNCTION = YES;
				GCC_WARN_UNUSED_VARIABLE = YES;
				IPHONEOS_DEPLOYMENT_TARGET = 14.3;
				MTL_ENABLE_DEBUG_INFO = INCLUDE_SOURCE;
				MTL_FAST_MATH = YES;
				ONLY_ACTIVE_ARCH = YES;
				SDKROOT = iphoneos;
				SWIFT_ACTIVE_COMPILATION_CONDITIONS = DEBUG;
				SWIFT_OPTIMIZATION_LEVEL = "-Onone";
			};
			name = Debug;
		};
		5C3E45CD25C8E780005B360F /* Release */ = {
			isa = XCBuildConfiguration;
			buildSettings = {
				ALWAYS_SEARCH_USER_PATHS = NO;
				CLANG_ANALYZER_NONNULL = YES;
				CLANG_ANALYZER_NUMBER_OBJECT_CONVERSION = YES_AGGRESSIVE;
				CLANG_CXX_LANGUAGE_STANDARD = "gnu++14";
				CLANG_CXX_LIBRARY = "libc++";
				CLANG_ENABLE_MODULES = YES;
				CLANG_ENABLE_OBJC_ARC = YES;
				CLANG_ENABLE_OBJC_WEAK = YES;
				CLANG_WARN_BLOCK_CAPTURE_AUTORELEASING = YES;
				CLANG_WARN_BOOL_CONVERSION = YES;
				CLANG_WARN_COMMA = YES;
				CLANG_WARN_CONSTANT_CONVERSION = YES;
				CLANG_WARN_DEPRECATED_OBJC_IMPLEMENTATIONS = YES;
				CLANG_WARN_DIRECT_OBJC_ISA_USAGE = YES_ERROR;
				CLANG_WARN_DOCUMENTATION_COMMENTS = YES;
				CLANG_WARN_EMPTY_BODY = YES;
				CLANG_WARN_ENUM_CONVERSION = YES;
				CLANG_WARN_INFINITE_RECURSION = YES;
				CLANG_WARN_INT_CONVERSION = YES;
				CLANG_WARN_NON_LITERAL_NULL_CONVERSION = YES;
				CLANG_WARN_OBJC_IMPLICIT_RETAIN_SELF = YES;
				CLANG_WARN_OBJC_LITERAL_CONVERSION = YES;
				CLANG_WARN_OBJC_ROOT_CLASS = YES_ERROR;
				CLANG_WARN_QUOTED_INCLUDE_IN_FRAMEWORK_HEADER = YES;
				CLANG_WARN_RANGE_LOOP_ANALYSIS = YES;
				CLANG_WARN_STRICT_PROTOTYPES = YES;
				CLANG_WARN_SUSPICIOUS_MOVE = YES;
				CLANG_WARN_UNGUARDED_AVAILABILITY = YES_AGGRESSIVE;
				CLANG_WARN_UNREACHABLE_CODE = YES;
				CLANG_WARN__DUPLICATE_METHOD_MATCH = YES;
				COPY_PHASE_STRIP = NO;
				DEBUG_INFORMATION_FORMAT = "dwarf-with-dsym";
				ENABLE_NS_ASSERTIONS = NO;
				ENABLE_STRICT_OBJC_MSGSEND = YES;
				GCC_C_LANGUAGE_STANDARD = gnu11;
				GCC_NO_COMMON_BLOCKS = YES;
				GCC_WARN_64_TO_32_BIT_CONVERSION = YES;
				GCC_WARN_ABOUT_RETURN_TYPE = YES_ERROR;
				GCC_WARN_UNDECLARED_SELECTOR = YES;
				GCC_WARN_UNINITIALIZED_AUTOS = YES_AGGRESSIVE;
				GCC_WARN_UNUSED_FUNCTION = YES;
				GCC_WARN_UNUSED_VARIABLE = YES;
				IPHONEOS_DEPLOYMENT_TARGET = 14.3;
				MTL_ENABLE_DEBUG_INFO = NO;
				MTL_FAST_MATH = YES;
				SDKROOT = iphoneos;
				SWIFT_COMPILATION_MODE = wholemodule;
				SWIFT_OPTIMIZATION_LEVEL = "-O";
				VALIDATE_PRODUCT = YES;
			};
			name = Release;
		};
		5C3E45CF25C8E780005B360F /* Debug */ = {
			isa = XCBuildConfiguration;
			buildSettings = {
				ASSETCATALOG_COMPILER_APPICON_NAME = AppIcon;
				ASSETCATALOG_COMPILER_GLOBAL_ACCENT_COLOR_NAME = AccentColor;
				CLANG_ENABLE_MODULES = YES;
				CODE_SIGN_STYLE = Automatic;
				DEVELOPMENT_TEAM = X76N9BUQ59;
				ENABLE_BITCODE = NO;
				FRAMEWORK_SEARCH_PATHS = (
					"$(inherited)",
					"$(PROJECT_DIR)/NativeSwift",
				);
				INFOPLIST_FILE = NativeSwift/Info.plist;
				LD_RUNPATH_SEARCH_PATHS = (
					"$(inherited)",
					"@executable_path/Frameworks",
				);
				PRODUCT_BUNDLE_IDENTIFIER = com.mifly.NativeSwift;
				PRODUCT_NAME = "$(TARGET_NAME)";
				SWIFT_OBJC_BRIDGING_HEADER = "NativeSwift/NativeSwift-Bridging-Header.h";
				SWIFT_OPTIMIZATION_LEVEL = "-Onone";
				SWIFT_VERSION = 5.0;
				TARGETED_DEVICE_FAMILY = "1,2";
			};
			name = Debug;
		};
		5C3E45D025C8E780005B360F /* Release */ = {
			isa = XCBuildConfiguration;
			buildSettings = {
				ASSETCATALOG_COMPILER_APPICON_NAME = AppIcon;
				ASSETCATALOG_COMPILER_GLOBAL_ACCENT_COLOR_NAME = AccentColor;
				CLANG_ENABLE_MODULES = YES;
				CODE_SIGN_STYLE = Automatic;
				DEVELOPMENT_TEAM = X76N9BUQ59;
				ENABLE_BITCODE = NO;
				FRAMEWORK_SEARCH_PATHS = (
					"$(inherited)",
					"$(PROJECT_DIR)/NativeSwift",
				);
				INFOPLIST_FILE = NativeSwift/Info.plist;
				LD_RUNPATH_SEARCH_PATHS = (
					"$(inherited)",
					"@executable_path/Frameworks",
				);
				PRODUCT_BUNDLE_IDENTIFIER = com.mifly.NativeSwift;
				PRODUCT_NAME = "$(TARGET_NAME)";
				SWIFT_OBJC_BRIDGING_HEADER = "NativeSwift/NativeSwift-Bridging-Header.h";
				SWIFT_VERSION = 5.0;
				TARGETED_DEVICE_FAMILY = "1,2";
			};
			name = Release;
		};
/* End XCBuildConfiguration section */

/* Begin XCConfigurationList section */
		5C3E45B525C8E77D005B360F /* Build configuration list for PBXProject "NativeSwift" */ = {
			isa = XCConfigurationList;
			buildConfigurations = (
				5C3E45CC25C8E780005B360F /* Debug */,
				5C3E45CD25C8E780005B360F /* Release */,
			);
			defaultConfigurationIsVisible = 0;
			defaultConfigurationName = Release;
		};
		5C3E45CE25C8E780005B360F /* Build configuration list for PBXNativeTarget "NativeSwift" */ = {
			isa = XCConfigurationList;
			buildConfigurations = (
				5C3E45CF25C8E780005B360F /* Debug */,
				5C3E45D025C8E780005B360F /* Release */,
			);
			defaultConfigurationIsVisible = 0;
			defaultConfigurationName = Release;
		};
/* End XCConfigurationList section */
	};
	rootObject = 5C3E45B225C8E77D005B360F /* Project object */;
}
